
Microsoft Visual Studio Solution File, Format Version 12.00
# Visual Studio Version 17
VisualStudioVersion = 17.8.34316.72
MinimumVisualStudioVersion = 10.0.40219.1
Project("{FAE04EC0-301F-11D3-BF4B-00C04F79EFBC}") = "02. Sets of Elements", "02. Sets of Elements\02. Sets of Elements.csproj", "{2E1DBBBE-3518-476A-B860-BBDCBC047095}"
EndProject
Global
	GlobalSection(SolutionConfigurationPlatforms) = preSolution
		Debug|Any CPU = Debug|Any CPU
		Release|Any CPU = Release|Any CPU
	EndGlobalSection
	GlobalSection(ProjectConfigurationPlatforms) = postSolution
		{2E1DBBBE-3518-476A-B860-BBDCBC047095}.Debug|Any CPU.ActiveCfg = Debug|Any CPU
		{2E1DBBBE-3518-476A-B860-BBDCBC047095}.Debug|Any CPU.Build.0 = Debug|Any CPU
		{2E1DBBBE-3518-476A-B860-BBDCBC047095}.Release|Any CPU.ActiveCfg = Release|Any CPU
		{2E1DBBBE-3518-476A-B860-BBDCBC047095}.Release|Any CPU.Build.0 = Release|Any CPU
	EndGlobalSection
	GlobalSection(SolutionProperties) = preSolution
		HideSolutionNode = FALSE
	EndGlobalSection
	GlobalSection(ExtensibilityGlobals) = postSolution
		SolutionGuid = {5066B9E3-2B35-4158-95F7-BE24B796A9B1}
	EndGlobalSection
EndGlobal
