
Microsoft Visual Studio Solution File, Format Version 12.00
# Visual Studio Version 17
VisualStudioVersion = 17.8.34316.72
MinimumVisualStudioVersion = 10.0.40219.1
Project("{FAE04EC0-301F-11D3-BF4B-00C04F79EFBC}") = "06. Jagged Array Manipulator", "06. Jagged Array Manipulator\06. Jagged Array Manipulator.csproj", "{5AE733A8-D674-4048-A602-298908F7039D}"
EndProject
Global
	GlobalSection(SolutionConfigurationPlatforms) = preSolution
		Debug|Any CPU = Debug|Any CPU
		Release|Any CPU = Release|Any CPU
	EndGlobalSection
	GlobalSection(ProjectConfigurationPlatforms) = postSolution
		{5AE733A8-D674-4048-A602-298908F7039D}.Debug|Any CPU.ActiveCfg = Debug|Any CPU
		{5AE733A8-D674-4048-A602-298908F7039D}.Debug|Any CPU.Build.0 = Debug|Any CPU
		{5AE733A8-D674-4048-A602-298908F7039D}.Release|Any CPU.ActiveCfg = Release|Any CPU
		{5AE733A8-D674-4048-A602-298908F7039D}.Release|Any CPU.Build.0 = Release|Any CPU
	EndGlobalSection
	GlobalSection(SolutionProperties) = preSolution
		HideSolutionNode = FALSE
	EndGlobalSection
	GlobalSection(ExtensibilityGlobals) = postSolution
		SolutionGuid = {36DE6862-C0E9-4241-95C1-A006BBD096AF}
	EndGlobalSection
EndGlobal
