
Microsoft Visual Studio Solution File, Format Version 12.00
# Visual Studio Version 17
VisualStudioVersion = 17.8.34316.72
MinimumVisualStudioVersion = 10.0.40219.1
Project("{FAE04EC0-301F-11D3-BF4B-00C04F79EFBC}") = "04. Fast_Food", "04. Fast_Food\04. Fast_Food.csproj", "{72E05195-5337-413E-A5ED-87DD80C4B1AF}"
EndProject
Global
	GlobalSection(SolutionConfigurationPlatforms) = preSolution
		Debug|Any CPU = Debug|Any CPU
		Release|Any CPU = Release|Any CPU
	EndGlobalSection
	GlobalSection(ProjectConfigurationPlatforms) = postSolution
		{72E05195-5337-413E-A5ED-87DD80C4B1AF}.Debug|Any CPU.ActiveCfg = Debug|Any CPU
		{72E05195-5337-413E-A5ED-87DD80C4B1AF}.Debug|Any CPU.Build.0 = Debug|Any CPU
		{72E05195-5337-413E-A5ED-87DD80C4B1AF}.Release|Any CPU.ActiveCfg = Release|Any CPU
		{72E05195-5337-413E-A5ED-87DD80C4B1AF}.Release|Any CPU.Build.0 = Release|Any CPU
	EndGlobalSection
	GlobalSection(SolutionProperties) = preSolution
		HideSolutionNode = FALSE
	EndGlobalSection
	GlobalSection(ExtensibilityGlobals) = postSolution
		SolutionGuid = {5F941FE1-88AD-4EA6-A9E8-524BBDB3DA5B}
	EndGlobalSection
EndGlobal
