
Microsoft Visual Studio Solution File, Format Version 12.00
# Visual Studio Version 17
VisualStudioVersion = 17.8.34316.72
MinimumVisualStudioVersion = 10.0.40219.1
Project("{FAE04EC0-301F-11D3-BF4B-00C04F79EFBC}") = "03. Simple_Calculator", "03. Simple_Calculator\03. Simple_Calculator.csproj", "{FB62AAD0-6DA3-4676-B749-28C4D286EA3F}"
EndProject
Global
	GlobalSection(SolutionConfigurationPlatforms) = preSolution
		Debug|Any CPU = Debug|Any CPU
		Release|Any CPU = Release|Any CPU
	EndGlobalSection
	GlobalSection(ProjectConfigurationPlatforms) = postSolution
		{FB62AAD0-6DA3-4676-B749-28C4D286EA3F}.Debug|Any CPU.ActiveCfg = Debug|Any CPU
		{FB62AAD0-6DA3-4676-B749-28C4D286EA3F}.Debug|Any CPU.Build.0 = Debug|Any CPU
		{FB62AAD0-6DA3-4676-B749-28C4D286EA3F}.Release|Any CPU.ActiveCfg = Release|Any CPU
		{FB62AAD0-6DA3-4676-B749-28C4D286EA3F}.Release|Any CPU.Build.0 = Release|Any CPU
	EndGlobalSection
	GlobalSection(SolutionProperties) = preSolution
		HideSolutionNode = FALSE
	EndGlobalSection
	GlobalSection(ExtensibilityGlobals) = postSolution
		SolutionGuid = {7C7562A3-072C-4347-845A-EB7E3ED73229}
	EndGlobalSection
EndGlobal
