
Microsoft Visual Studio Solution File, Format Version 12.00
# Visual Studio Version 17
VisualStudioVersion = 17.8.34316.72
MinimumVisualStudioVersion = 10.0.40219.1
Project("{FAE04EC0-301F-11D3-BF4B-00C04F79EFBC}") = "02. Stack_Sum", "02. Stack_Sum\02. Stack_Sum.csproj", "{4BBC7E8C-965E-464E-BB87-9F08CAC6DB7F}"
EndProject
Global
	GlobalSection(SolutionConfigurationPlatforms) = preSolution
		Debug|Any CPU = Debug|Any CPU
		Release|Any CPU = Release|Any CPU
	EndGlobalSection
	GlobalSection(ProjectConfigurationPlatforms) = postSolution
		{4BBC7E8C-965E-464E-BB87-9F08CAC6DB7F}.Debug|Any CPU.ActiveCfg = Debug|Any CPU
		{4BBC7E8C-965E-464E-BB87-9F08CAC6DB7F}.Debug|Any CPU.Build.0 = Debug|Any CPU
		{4BBC7E8C-965E-464E-BB87-9F08CAC6DB7F}.Release|Any CPU.ActiveCfg = Release|Any CPU
		{4BBC7E8C-965E-464E-BB87-9F08CAC6DB7F}.Release|Any CPU.Build.0 = Release|Any CPU
	EndGlobalSection
	GlobalSection(SolutionProperties) = preSolution
		HideSolutionNode = FALSE
	EndGlobalSection
	GlobalSection(ExtensibilityGlobals) = postSolution
		SolutionGuid = {D3CAE831-9747-4A42-A356-D938EF1F1DA2}
	EndGlobalSection
EndGlobal
