
Microsoft Visual Studio Solution File, Format Version 12.00
# Visual Studio Version 17
VisualStudioVersion = 17.8.34316.72
MinimumVisualStudioVersion = 10.0.40219.1
Project("{FAE04EC0-301F-11D3-BF4B-00C04F79EFBC}") = "01. Diagonal Difference", "01. Diagonal Difference\01. Diagonal Difference.csproj", "{A3DE3BC1-77F1-46F6-B878-2273F43656A9}"
EndProject
Global
	GlobalSection(SolutionConfigurationPlatforms) = preSolution
		Debug|Any CPU = Debug|Any CPU
		Release|Any CPU = Release|Any CPU
	EndGlobalSection
	GlobalSection(ProjectConfigurationPlatforms) = postSolution
		{A3DE3BC1-77F1-46F6-B878-2273F43656A9}.Debug|Any CPU.ActiveCfg = Debug|Any CPU
		{A3DE3BC1-77F1-46F6-B878-2273F43656A9}.Debug|Any CPU.Build.0 = Debug|Any CPU
		{A3DE3BC1-77F1-46F6-B878-2273F43656A9}.Release|Any CPU.ActiveCfg = Release|Any CPU
		{A3DE3BC1-77F1-46F6-B878-2273F43656A9}.Release|Any CPU.Build.0 = Release|Any CPU
	EndGlobalSection
	GlobalSection(SolutionProperties) = preSolution
		HideSolutionNode = FALSE
	EndGlobalSection
	GlobalSection(ExtensibilityGlobals) = postSolution
		SolutionGuid = {1AF462AB-A724-4106-8A96-837FFA397613}
	EndGlobalSection
EndGlobal
