
Microsoft Visual Studio Solution File, Format Version 12.00
# Visual Studio Version 17
VisualStudioVersion = 17.8.34316.72
MinimumVisualStudioVersion = 10.0.40219.1
Project("{FAE04EC0-301F-11D3-BF4B-00C04F79EFBC}") = "04. Symbol in Matrix", "04. Symbol in Matrix\04. Symbol in Matrix.csproj", "{59E8C8DC-A8E7-4EF5-A08D-C1FECF6B0923}"
EndProject
Global
	GlobalSection(SolutionConfigurationPlatforms) = preSolution
		Debug|Any CPU = Debug|Any CPU
		Release|Any CPU = Release|Any CPU
	EndGlobalSection
	GlobalSection(ProjectConfigurationPlatforms) = postSolution
		{59E8C8DC-A8E7-4EF5-A08D-C1FECF6B0923}.Debug|Any CPU.ActiveCfg = Debug|Any CPU
		{59E8C8DC-A8E7-4EF5-A08D-C1FECF6B0923}.Debug|Any CPU.Build.0 = Debug|Any CPU
		{59E8C8DC-A8E7-4EF5-A08D-C1FECF6B0923}.Release|Any CPU.ActiveCfg = Release|Any CPU
		{59E8C8DC-A8E7-4EF5-A08D-C1FECF6B0923}.Release|Any CPU.Build.0 = Release|Any CPU
	EndGlobalSection
	GlobalSection(SolutionProperties) = preSolution
		HideSolutionNode = FALSE
	EndGlobalSection
	GlobalSection(ExtensibilityGlobals) = postSolution
		SolutionGuid = {AFEBB280-4AA4-47F2-B9B7-746C83C5C0C6}
	EndGlobalSection
EndGlobal
